4bcf807ba3d9f674108425712e36be5a754fe7b9aaf16fd50473289b4d435712  0001_kernel_metadata.sql
17d007fbfd5d371a3ec98ce09065f0f926f991433e1e8c315f9a14345ec842f2  0002_migration_journal.sql
94636f1716ab5d2afe071a96e3c7823e3519397139db2d72fe0b398f77af48ae  0003_domain_cutovers.sql
92c8b34f717426b56dba98d8a5b67df68a5bf0a952ea76c21f2b84967ba37653  0004_listening_import.sql
050dbc2e6d0ba7e959f7206dca9bb7bea466693590b0ca294e5c1d88a32d8924  0005_library_runtime.sql
4863612373bae2bd2899f6ede1b28ad27b7845946a1b6d2c251829f1134fc1fc  0006_playback_runtime.sql
c23fe1639e0f3a3179a84702bcfeb72f4dbf58136fe4dadd28c1e01ff3690be7  0007_evidence_artifacts.sql
