4bcf807ba3d9f674108425712e36be5a754fe7b9aaf16fd50473289b4d435712  0001_kernel_metadata.sql
17d007fbfd5d371a3ec98ce09065f0f926f991433e1e8c315f9a14345ec842f2  0002_migration_journal.sql
94636f1716ab5d2afe071a96e3c7823e3519397139db2d72fe0b398f77af48ae  0003_domain_cutovers.sql
92c8b34f717426b56dba98d8a5b67df68a5bf0a952ea76c21f2b84967ba37653  0004_listening_import.sql
050dbc2e6d0ba7e959f7206dca9bb7bea466693590b0ca294e5c1d88a32d8924  0005_library_runtime.sql
4863612373bae2bd2899f6ede1b28ad27b7845946a1b6d2c251829f1134fc1fc  0006_playback_runtime.sql
c23fe1639e0f3a3179a84702bcfeb72f4dbf58136fe4dadd28c1e01ff3690be7  0007_evidence_artifacts.sql
b453c9b5d6d942edf646d14d44f4d09707d6c10691ab7d7b9960c5bbdad42d0a  0008_notes.sql
d1f29dcb45f4f21b34013b3a6b9f0526bd11b201431744f48fb565cd83987a88  0009_clips.sql
c647f9e4d6c54a225d5f1610a7291f74c0982b7f7697ffef2f0568f7a56760ad  0010_transcript_artifacts.sql
03d6ba33c97f0281bd5a2546d2fd947b4b0b711b56553f1d4aabedc5c3d07e00  0011_retained_library_artifacts.sql
2ef099ee4501e34f1d56effa4a7d63d24a9b2c2791ff046be6053347cbecd245  0012_complete_transcript_history.sql
9fcc598795307713c6fb1a20f603b3e016637249c33efda37834d595e282a156  0013_chapter_artifacts.sql
c93b883130914a23b0b84e9709e4045f6fed974b65f2b9e2b0645b37fd5e591e  0014_chapter_authority.sql
af30fab1a762de65237f16ea421032b0de4e13facb66f48e760adb83926ca31d  0015_chapter_publisher_workflows.sql
c6aabb788d244d72dcda440b367ebfc9c7e3c1374310914b1058a56ee63f0c9e  0016_chapter_model_workflows.sql
e424515f1447dec297a0999b8c9b741482572e600e8cd38845532c1b501c602d  0017_model_chapter_completion_history.sql
1cb440b038a135da61748c143a88857811fb01ab8477fbcdb71144bfe1a79988  0018_recall_configuration.sql
eb8a95ab87e833a2691572d352fc8a2bcae4630e5067c862617923deb8b18711  0019_download_workflows.sql
634063139ce6335683d703779e2bc91cebc1c2c640a896842cc15e986eb17942  0020_transcript_workflows.sql
bd5d0dcfcededc68a6c8afccaa2018320e2ee848bfb7208a0ff9d1282c6de75f  0021_scheduled_agent_workflows.sql
