{
  "originHash" : "55ac145fb4a4a9455d7e9145b55fbfc646c79d908e9e0d70a2b718b04382d6bc",
  "pins" : [
    {
      "identity" : "kingfisher",
      "kind" : "remoteSourceControl",
      "location" : "https://github.com/onevcat/Kingfisher",
      "state" : {
        "revision" : "cf8be20d07654570554c8a8a4952bc8a5766a8b0",
        "version" : "8.9.0"
      }
    },
    {
      "identity" : "secp256k1.swift",
      "kind" : "remoteSourceControl",
      "location" : "https://github.com/GigaBitcoin/secp256k1.swift",
      "state" : {
        "revision" : "cfab52e538683557259302c39ef25df60226eb30",
        "version" : "0.23.1"
      }
    }
  ],
  "version" : 3
}
